// !$*UTF8*$!
{
	archiveVersion = 1;
	classes = {
	};
	objectVersion = 50;
	objects = {

/* Begin PBXBuildFile section */
		2706697423307D7900FB0CEE /* EmployeesController.swift in Sources */ = {isa = PBXBuildFile; fileRef = 2706697323307D7900FB0CEE /* EmployeesController.swift */; };
		2706697623307D9000FB0CEE /* CreateEmployeeController.swift in Sources */ = {isa = PBXBuildFile; fileRef = 2706697523307D9000FB0CEE /* CreateEmployeeController.swift */; };
		2706697823307DA300FB0CEE /* EmployeeType.swift in Sources */ = {isa = PBXBuildFile; fileRef = 2706697723307DA300FB0CEE /* EmployeeType.swift */; };
		2706697A23307E2700FB0CEE /* CompaniesAutoUpdateController.swift in Sources */ = {isa = PBXBuildFile; fileRef = 2706697923307E2700FB0CEE /* CompaniesAutoUpdateController.swift */; };
		2706697C23307E3900FB0CEE /* Service.swift in Sources */ = {isa = PBXBuildFile; fileRef = 2706697B23307E3900FB0CEE /* Service.swift */; };
		2706697E23307E7000FB0CEE /* UIColor+theme.swift in Sources */ = {isa = PBXBuildFile; fileRef = 2706697D23307E7000FB0CEE /* UIColor+theme.swift */; };
		2706698023307E9E00FB0CEE /* CustomMigrationPolicy.swift in Sources */ = {isa = PBXBuildFile; fileRef = 2706697F23307E9E00FB0CEE /* CustomMigrationPolicy.swift */; };
		270669852330829000FB0CEE /* Modelv1.1_2.xcmappingmodel in Sources */ = {isa = PBXBuildFile; fileRef = 270669842330829000FB0CEE /* Modelv1.1_2.xcmappingmodel */; };
		279142AF23159A92002A8565 /* AppDelegate.swift in Sources */ = {isa = PBXBuildFile; fileRef = 279142AE23159A92002A8565 /* AppDelegate.swift */; };
		279142B423159A92002A8565 /* Main.storyboard in Resources */ = {isa = PBXBuildFile; fileRef = 279142B223159A92002A8565 /* Main.storyboard */; };
		279142B623159A93002A8565 /* Assets.xcassets in Resources */ = {isa = PBXBuildFile; fileRef = 279142B523159A93002A8565 /* Assets.xcassets */; };
		279142B923159A93002A8565 /* LaunchScreen.storyboard in Resources */ = {isa = PBXBuildFile; fileRef = 279142B723159A93002A8565 /* LaunchScreen.storyboard */; };
		279142C123159AB2002A8565 /* CompaniesController.swift in Sources */ = {isa = PBXBuildFile; fileRef = 279142C023159AB2002A8565 /* CompaniesController.swift */; };
		279142C323159ACA002A8565 /* CreateCompanyController.swift in Sources */ = {isa = PBXBuildFile; fileRef = 279142C223159ACA002A8565 /* CreateCompanyController.swift */; };
		279142C523159ADE002A8565 /* Extensions.swift in Sources */ = {isa = PBXBuildFile; fileRef = 279142C423159ADE002A8565 /* Extensions.swift */; };
		279142C723159AEC002A8565 /* Company.swift in Sources */ = {isa = PBXBuildFile; fileRef = 279142C623159AEC002A8565 /* Company.swift */; };
		279142CA23159B28002A8565 /* DataCoreTestModels.xcdatamodeld in Sources */ = {isa = PBXBuildFile; fileRef = 279142C823159B28002A8565 /* DataCoreTestModels.xcdatamodeld */; };
		279142CC2315BA42002A8565 /* CoreDataManager.swift in Sources */ = {isa = PBXBuildFile; fileRef = 279142CB2315BA42002A8565 /* CoreDataManager.swift */; };
		279142CE231864F1002A8565 /* CompanyCell.swift in Sources */ = {isa = PBXBuildFile; fileRef = 279142CD231864F1002A8565 /* CompanyCell.swift */; };
		279142D12318C9DA002A8565 /* CompaniesController+CreateCompany.swift in Sources */ = {isa = PBXBuildFile; fileRef = 279142D02318C9DA002A8565 /* CompaniesController+CreateCompany.swift */; };
		279142D32318CAB0002A8565 /* CompaniesController+UITableView.swift in Sources */ = {isa = PBXBuildFile; fileRef = 279142D22318CAB0002A8565 /* CompaniesController+UITableView.swift */; };
		279142D82318CF2C002A8565 /* UIViewController+Helpers.swift in Sources */ = {isa = PBXBuildFile; fileRef = 279142D72318CF2C002A8565 /* UIViewController+Helpers.swift */; };
/* End PBXBuildFile section */

/* Begin PBXFileReference section */
		2706697323307D7900FB0CEE /* EmployeesController.swift */ = {isa = PBXFileReference; lastKnownFileType = sourcecode.swift; path = EmployeesController.swift; sourceTree = "<group>"; };
		2706697523307D9000FB0CEE /* CreateEmployeeController.swift */ = {isa = PBXFileReference; lastKnownFileType = sourcecode.swift; path = CreateEmployeeController.swift; sourceTree = "<group>"; };
		2706697723307DA300FB0CEE /* EmployeeType.swift */ = {isa = PBXFileReference; lastKnownFileType = sourcecode.swift; path = EmployeeType.swift; sourceTree = "<group>"; };
		2706697923307E2700FB0CEE /* CompaniesAutoUpdateController.swift */ = {isa = PBXFileReference; lastKnownFileType = sourcecode.swift; path = CompaniesAutoUpdateController.swift; sourceTree = "<group>"; };
		2706697B23307E3900FB0CEE /* Service.swift */ = {isa = PBXFileReference; lastKnownFileType = sourcecode.swift; path = Service.swift; sourceTree = "<group>"; };
		2706697D23307E7000FB0CEE /* UIColor+theme.swift */ = {isa = PBXFileReference; lastKnownFileType = sourcecode.swift; path = "UIColor+theme.swift"; sourceTree = "<group>"; };
		2706697F23307E9E00FB0CEE /* CustomMigrationPolicy.swift */ = {isa = PBXFileReference; lastKnownFileType = sourcecode.swift; path = CustomMigrationPolicy.swift; sourceTree = "<group>"; };
		27066981233080A700FB0CEE /* DataCoreTestModels_v1.1.xcdatamodel */ = {isa = PBXFileReference; lastKnownFileType = wrapper.xcdatamodel; path = DataCoreTestModels_v1.1.xcdatamodel; sourceTree = "<group>"; };
		27066982233080DE00FB0CEE /* DataCoreTestModels_v1.3.xcdatamodel */ = {isa = PBXFileReference; lastKnownFileType = wrapper.xcdatamodel; path = DataCoreTestModels_v1.3.xcdatamodel; sourceTree = "<group>"; };
		270669832330822000FB0CEE /* DataCoreTestModels_v1.2.xcdatamodel */ = {isa = PBXFileReference; lastKnownFileType = wrapper.xcdatamodel; path = DataCoreTestModels_v1.2.xcdatamodel; sourceTree = "<group>"; };
		270669842330829000FB0CEE /* Modelv1.1_2.xcmappingmodel */ = {isa = PBXFileReference; lastKnownFileType = wrapper.xcmappingmodel; path = Modelv1.1_2.xcmappingmodel; sourceTree = "<group>"; };
		279142AB23159A92002A8565 /* CoreData2019Project.app */ = {isa = PBXFileReference; explicitFileType = wrapper.application; includeInIndex = 0; path = CoreData2019Project.app; sourceTree = BUILT_PRODUCTS_DIR; };
		279142AE23159A92002A8565 /* AppDelegate.swift */ = {isa = PBXFileReference; lastKnownFileType = sourcecode.swift; path = AppDelegate.swift; sourceTree = "<group>"; };
		279142B323159A92002A8565 /* Base */ = {isa = PBXFileReference; lastKnownFileType = file.storyboard; name = Base; path = Base.lproj/Main.storyboard; sourceTree = "<group>"; };
		279142B523159A93002A8565 /* Assets.xcassets */ = {isa = PBXFileReference; lastKnownFileType = folder.assetcatalog; path = Assets.xcassets; sourceTree = "<group>"; };
		279142B823159A93002A8565 /* Base */ = {isa = PBXFileReference; lastKnownFileType = file.storyboard; name = Base; path = Base.lproj/LaunchScreen.storyboard; sourceTree = "<group>"; };
		279142BA23159A93002A8565 /* Info.plist */ = {isa = PBXFileReference; lastKnownFileType = text.plist.xml; path = Info.plist; sourceTree = "<group>"; };
		279142C023159AB2002A8565 /* CompaniesController.swift */ = {isa = PBXFileReference; lastKnownFileType = sourcecode.swift; path = CompaniesController.swift; sourceTree = "<group>"; };
		279142C223159ACA002A8565 /* CreateCompanyController.swift */ = {isa = PBXFileReference; lastKnownFileType = sourcecode.swift; path = CreateCompanyController.swift; sourceTree = "<group>"; };
		279142C423159ADE002A8565 /* Extensions.swift */ = {isa = PBXFileReference; lastKnownFileType = sourcecode.swift; path = Extensions.swift; sourceTree = "<group>"; };
		279142C623159AEC002A8565 /* Company.swift */ = {isa = PBXFileReference; lastKnownFileType = sourcecode.swift; path = Company.swift; sourceTree = "<group>"; };
		279142C923159B28002A8565 /* DataCoreTestModels.xcdatamodel */ = {isa = PBXFileReference; lastKnownFileType = wrapper.xcdatamodel; path = DataCoreTestModels.xcdatamodel; sourceTree = "<group>"; };
		279142CB2315BA42002A8565 /* CoreDataManager.swift */ = {isa = PBXFileReference; lastKnownFileType = sourcecode.swift; path = CoreDataManager.swift; sourceTree = "<group>"; };
		279142CD231864F1002A8565 /* CompanyCell.swift */ = {isa = PBXFileReference; lastKnownFileType = sourcecode.swift; path = CompanyCell.swift; sourceTree = "<group>"; };
		279142D02318C9DA002A8565 /* CompaniesController+CreateCompany.swift */ = {isa = PBXFileReference; lastKnownFileType = sourcecode.swift; path = "CompaniesController+CreateCompany.swift"; sourceTree = "<group>"; };
		279142D22318CAB0002A8565 /* CompaniesController+UITableView.swift */ = {isa = PBXFileReference; lastKnownFileType = sourcecode.swift; path = "CompaniesController+UITableView.swift"; sourceTree = "<group>"; };
		279142D72318CF2C002A8565 /* UIViewController+Helpers.swift */ = {isa = PBXFileReference; lastKnownFileType = sourcecode.swift; path = "UIViewController+Helpers.swift"; sourceTree = "<group>"; };
/* End PBXFileReference section */

/* Begin PBXFrameworksBuildPhase section */
		279142A823159A92002A8565 /* Frameworks */ = {
			isa = PBXFrameworksBuildPhase;
			buildActionMask = 2147483647;
			files = (
			);
			runOnlyForDeploymentPostprocessing = 0;
		};
/* End PBXFrameworksBuildPhase section */

/* Begin PBXGroup section */
		2706697223307D6C00FB0CEE /* Employees */ = {
			isa = PBXGroup;
			children = (
				2706697323307D7900FB0CEE /* EmployeesController.swift */,
				2706697523307D9000FB0CEE /* CreateEmployeeController.swift */,
				2706697723307DA300FB0CEE /* EmployeeType.swift */,
			);
			path = Employees;
			sourceTree = "<group>";
		};
		279142A223159A92002A8565 = {
			isa = PBXGroup;
			children = (
				279142AD23159A92002A8565 /* CoreData2019Project */,
				279142AC23159A92002A8565 /* Products */,
			);
			sourceTree = "<group>";
		};
		279142AC23159A92002A8565 /* Products */ = {
			isa = PBXGroup;
			children = (
				279142AB23159A92002A8565 /* CoreData2019Project.app */,
			);
			name = Products;
			sourceTree = "<group>";
		};
		279142AD23159A92002A8565 /* CoreData2019Project */ = {
			isa = PBXGroup;
			children = (
				279142D62318CF1F002A8565 /* Helpers */,
				279142CF231865A6002A8565 /* Companies */,
				279142AE23159A92002A8565 /* AppDelegate.swift */,
				279142C423159ADE002A8565 /* Extensions.swift */,
				279142C623159AEC002A8565 /* Company.swift */,
				279142B223159A92002A8565 /* Main.storyboard */,
				279142B523159A93002A8565 /* Assets.xcassets */,
				279142B723159A93002A8565 /* LaunchScreen.storyboard */,
				279142BA23159A93002A8565 /* Info.plist */,
				279142C823159B28002A8565 /* DataCoreTestModels.xcdatamodeld */,
				279142CB2315BA42002A8565 /* CoreDataManager.swift */,
				2706697D23307E7000FB0CEE /* UIColor+theme.swift */,
				2706697F23307E9E00FB0CEE /* CustomMigrationPolicy.swift */,
				270669842330829000FB0CEE /* Modelv1.1_2.xcmappingmodel */,
			);
			path = CoreData2019Project;
			sourceTree = "<group>";
		};
		279142CF231865A6002A8565 /* Companies */ = {
			isa = PBXGroup;
			children = (
				2706697223307D6C00FB0CEE /* Employees */,
				279142C023159AB2002A8565 /* CompaniesController.swift */,
				279142CD231864F1002A8565 /* CompanyCell.swift */,
				279142D02318C9DA002A8565 /* CompaniesController+CreateCompany.swift */,
				279142D22318CAB0002A8565 /* CompaniesController+UITableView.swift */,
				279142C223159ACA002A8565 /* CreateCompanyController.swift */,
				2706697923307E2700FB0CEE /* CompaniesAutoUpdateController.swift */,
				2706697B23307E3900FB0CEE /* Service.swift */,
			);
			path = Companies;
			sourceTree = "<group>";
		};
		279142D62318CF1F002A8565 /* Helpers */ = {
			isa = PBXGroup;
			children = (
				279142D72318CF2C002A8565 /* UIViewController+Helpers.swift */,
			);
			path = Helpers;
			sourceTree = "<group>";
		};
/* End PBXGroup section */

/* Begin PBXNativeTarget section */
		279142AA23159A92002A8565 /* CoreData2019Project */ = {
			isa = PBXNativeTarget;
			buildConfigurationList = 279142BD23159A93002A8565 /* Build configuration list for PBXNativeTarget "CoreData2019Project" */;
			buildPhases = (
				279142A723159A92002A8565 /* Sources */,
				279142A823159A92002A8565 /* Frameworks */,
				279142A923159A92002A8565 /* Resources */,
			);
			buildRules = (
			);
			dependencies = (
			);
			name = CoreData2019Project;
			productName = CoreData2019Project;
			productReference = 279142AB23159A92002A8565 /* CoreData2019Project.app */;
			productType = "com.apple.product-type.application";
		};
/* End PBXNativeTarget section */

/* Begin PBXProject section */
		279142A323159A92002A8565 /* Project object */ = {
			isa = PBXProject;
			attributes = {
				LastSwiftUpdateCheck = 1030;
				LastUpgradeCheck = 1030;
				ORGANIZATIONNAME = "Jorge Casariego";
				TargetAttributes = {
					279142AA23159A92002A8565 = {
						CreatedOnToolsVersion = 10.3;
					};
				};
			};
			buildConfigurationList = 279142A623159A92002A8565 /* Build configuration list for PBXProject "CoreData2019Project" */;
			compatibilityVersion = "Xcode 9.3";
			developmentRegion = en;
			hasScannedForEncodings = 0;
			knownRegions = (
				en,
				Base,
			);
			mainGroup = 279142A223159A92002A8565;
			productRefGroup = 279142AC23159A92002A8565 /* Products */;
			projectDirPath = "";
			projectRoot = "";
			targets = (
				279142AA23159A92002A8565 /* CoreData2019Project */,
			);
		};
/* End PBXProject section */

/* Begin PBXResourcesBuildPhase section */
		279142A923159A92002A8565 /* Resources */ = {
			isa = PBXResourcesBuildPhase;
			buildActionMask = 2147483647;
			files = (
				279142B923159A93002A8565 /* LaunchScreen.storyboard in Resources */,
				279142B623159A93002A8565 /* Assets.xcassets in Resources */,
				279142B423159A92002A8565 /* Main.storyboard in Resources */,
			);
			runOnlyForDeploymentPostprocessing = 0;
		};
/* End PBXResourcesBuildPhase section */

/* Begin PBXSourcesBuildPhase section */
		279142A723159A92002A8565 /* Sources */ = {
			isa = PBXSourcesBuildPhase;
			buildActionMask = 2147483647;
			files = (
				279142D12318C9DA002A8565 /* CompaniesController+CreateCompany.swift in Sources */,
				279142C523159ADE002A8565 /* Extensions.swift in Sources */,
				279142C123159AB2002A8565 /* CompaniesController.swift in Sources */,
				279142AF23159A92002A8565 /* AppDelegate.swift in Sources */,
				279142D82318CF2C002A8565 /* UIViewController+Helpers.swift in Sources */,
				2706697423307D7900FB0CEE /* EmployeesController.swift in Sources */,
				279142CE231864F1002A8565 /* CompanyCell.swift in Sources */,
				2706697623307D9000FB0CEE /* CreateEmployeeController.swift in Sources */,
				279142D32318CAB0002A8565 /* CompaniesController+UITableView.swift in Sources */,
				2706697E23307E7000FB0CEE /* UIColor+theme.swift in Sources */,
				2706697C23307E3900FB0CEE /* Service.swift in Sources */,
				279142C323159ACA002A8565 /* CreateCompanyController.swift in Sources */,
				279142CA23159B28002A8565 /* DataCoreTestModels.xcdatamodeld in Sources */,
				2706697A23307E2700FB0CEE /* CompaniesAutoUpdateController.swift in Sources */,
				279142CC2315BA42002A8565 /* CoreDataManager.swift in Sources */,
				279142C723159AEC002A8565 /* Company.swift in Sources */,
				270669852330829000FB0CEE /* Modelv1.1_2.xcmappingmodel in Sources */,
				2706697823307DA300FB0CEE /* EmployeeType.swift in Sources */,
				2706698023307E9E00FB0CEE /* CustomMigrationPolicy.swift in Sources */,
			);
			runOnlyForDeploymentPostprocessing = 0;
		};
/* End PBXSourcesBuildPhase section */

/* Begin PBXVariantGroup section */
		279142B223159A92002A8565 /* Main.storyboard */ = {
			isa = PBXVariantGroup;
			children = (
				279142B323159A92002A8565 /* Base */,
			);
			name = Main.storyboard;
			sourceTree = "<group>";
		};
		279142B723159A93002A8565 /* LaunchScreen.storyboard */ = {
			isa = PBXVariantGroup;
			children = (
				279142B823159A93002A8565 /* Base */,
			);
			name = LaunchScreen.storyboard;
			sourceTree = "<group>";
		};
/* End PBXVariantGroup section */

/* Begin XCBuildConfiguration section */
		279142BB23159A93002A8565 /* Debug */ = {
			isa = XCBuildConfiguration;
			buildSettings = {
				ALWAYS_SEARCH_USER_PATHS = NO;
				CLANG_ANALYZER_NONNULL = YES;
				CLANG_ANALYZER_NUMBER_OBJECT_CONVERSION = YES_AGGRESSIVE;
				CLANG_CXX_LANGUAGE_STANDARD = "gnu++14";
				CLANG_CXX_LIBRARY = "libc++";
				CLANG_ENABLE_MODULES = YES;
				CLANG_ENABLE_OBJC_ARC = YES;
				CLANG_ENABLE_OBJC_WEAK = YES;
				CLANG_WARN_BLOCK_CAPTURE_AUTORELEASING = YES;
				CLANG_WARN_BOOL_CONVERSION = YES;
				CLANG_WARN_COMMA = YES;
				CLANG_WARN_CONSTANT_CONVERSION = YES;
				CLANG_WARN_DEPRECATED_OBJC_IMPLEMENTATIONS = YES;
				CLANG_WARN_DIRECT_OBJC_ISA_USAGE = YES_ERROR;
				CLANG_WARN_DOCUMENTATION_COMMENTS = YES;
				CLANG_WARN_EMPTY_BODY = YES;
				CLANG_WARN_ENUM_CONVERSION = YES;
				CLANG_WARN_INFINITE_RECURSION = YES;
				CLANG_WARN_INT_CONVERSION = YES;
				CLANG_WARN_NON_LITERAL_NULL_CONVERSION = YES;
				CLANG_WARN_OBJC_IMPLICIT_RETAIN_SELF = YES;
				CLANG_WARN_OBJC_LITERAL_CONVERSION = YES;
				CLANG_WARN_OBJC_ROOT_CLASS = YES_ERROR;
				CLANG_WARN_RANGE_LOOP_ANALYSIS = YES;
				CLANG_WARN_STRICT_PROTOTYPES = YES;
				CLANG_WARN_SUSPICIOUS_MOVE = YES;
				CLANG_WARN_UNGUARDED_AVAILABILITY = YES_AGGRESSIVE;
				CLANG_WARN_UNREACHABLE_CODE = YES;
				CLANG_WARN__DUPLICATE_METHOD_MATCH = YES;
				CODE_SIGN_IDENTITY = "iPhone Developer";
				COPY_PHASE_STRIP = NO;
				DEBUG_INFORMATION_FORMAT = dwarf;
				ENABLE_STRICT_OBJC_MSGSEND = YES;
				ENABLE_TESTABILITY = YES;
				GCC_C_LANGUAGE_STANDARD = gnu11;
				GCC_DYNAMIC_NO_PIC = NO;
				GCC_NO_COMMON_BLOCKS = YES;
				GCC_OPTIMIZATION_LEVEL = 0;
				GCC_PREPROCESSOR_DEFINITIONS = (
					"DEBUG=1",
					"$(inherited)",
				);
				GCC_WARN_64_TO_32_BIT_CONVERSION = YES;
				GCC_WARN_ABOUT_RETURN_TYPE = YES_ERROR;
				GCC_WARN_UNDECLARED_SELECTOR = YES;
				GCC_WARN_UNINITIALIZED_AUTOS = YES_AGGRESSIVE;
				GCC_WARN_UNUSED_FUNCTION = YES;
				GCC_WARN_UNUSED_VARIABLE = YES;
				IPHONEOS_DEPLOYMENT_TARGET = 12.4;
				MTL_ENABLE_DEBUG_INFO = INCLUDE_SOURCE;
				MTL_FAST_MATH = YES;
				ONLY_ACTIVE_ARCH = YES;
				SDKROOT = iphoneos;
				SWIFT_ACTIVE_COMPILATION_CONDITIONS = DEBUG;
				SWIFT_OPTIMIZATION_LEVEL = "-Onone";
			};
			name = Debug;
		};
		279142BC23159A93002A8565 /* Release */ = {
			isa = XCBuildConfiguration;
			buildSettings = {
				ALWAYS_SEARCH_USER_PATHS = NO;
				CLANG_ANALYZER_NONNULL = YES;
				CLANG_ANALYZER_NUMBER_OBJECT_CONVERSION = YES_AGGRESSIVE;
				CLANG_CXX_LANGUAGE_STANDARD = "gnu++14";
				CLANG_CXX_LIBRARY = "libc++";
				CLANG_ENABLE_MODULES = YES;
				CLANG_ENABLE_OBJC_ARC = YES;
				CLANG_ENABLE_OBJC_WEAK = YES;
				CLANG_WARN_BLOCK_CAPTURE_AUTORELEASING = YES;
				CLANG_WARN_BOOL_CONVERSION = YES;
				CLANG_WARN_COMMA = YES;
				CLANG_WARN_CONSTANT_CONVERSION = YES;
				CLANG_WARN_DEPRECATED_OBJC_IMPLEMENTATIONS = YES;
				CLANG_WARN_DIRECT_OBJC_ISA_USAGE = YES_ERROR;
				CLANG_WARN_DOCUMENTATION_COMMENTS = YES;
				CLANG_WARN_EMPTY_BODY = YES;
				CLANG_WARN_ENUM_CONVERSION = YES;
				CLANG_WARN_INFINITE_RECURSION = YES;
				CLANG_WARN_INT_CONVERSION = YES;
				CLANG_WARN_NON_LITERAL_NULL_CONVERSION = YES;
				CLANG_WARN_OBJC_IMPLICIT_RETAIN_SELF = YES;
				CLANG_WARN_OBJC_LITERAL_CONVERSION = YES;
				CLANG_WARN_OBJC_ROOT_CLASS = YES_ERROR;
				CLANG_WARN_RANGE_LOOP_ANALYSIS = YES;
				CLANG_WARN_STRICT_PROTOTYPES = YES;
				CLANG_WARN_SUSPICIOUS_MOVE = YES;
				CLANG_WARN_UNGUARDED_AVAILABILITY = YES_AGGRESSIVE;
				CLANG_WARN_UNREACHABLE_CODE = YES;
				CLANG_WARN__DUPLICATE_METHOD_MATCH = YES;
				CODE_SIGN_IDENTITY = "iPhone Developer";
				COPY_PHASE_STRIP = NO;
				DEBUG_INFORMATION_FORMAT = "dwarf-with-dsym";
				ENABLE_NS_ASSERTIONS = NO;
				ENABLE_STRICT_OBJC_MSGSEND = YES;
				GCC_C_LANGUAGE_STANDARD = gnu11;
				GCC_NO_COMMON_BLOCKS = YES;
				GCC_WARN_64_TO_32_BIT_CONVERSION = YES;
				GCC_WARN_ABOUT_RETURN_TYPE = YES_ERROR;
				GCC_WARN_UNDECLARED_SELECTOR = YES;
				GCC_WARN_UNINITIALIZED_AUTOS = YES_AGGRESSIVE;
				GCC_WARN_UNUSED_FUNCTION = YES;
				GCC_WARN_UNUSED_VARIABLE = YES;
				IPHONEOS_DEPLOYMENT_TARGET = 12.4;
				MTL_ENABLE_DEBUG_INFO = NO;
				MTL_FAST_MATH = YES;
				SDKROOT = iphoneos;
				SWIFT_COMPILATION_MODE = wholemodule;
				SWIFT_OPTIMIZATION_LEVEL = "-O";
				VALIDATE_PRODUCT = YES;
			};
			name = Release;
		};
		279142BE23159A93002A8565 /* Debug */ = {
			isa = XCBuildConfiguration;
			buildSettings = {
				ASSETCATALOG_COMPILER_APPICON_NAME = AppIcon;
				CODE_SIGN_STYLE = Automatic;
				DEVELOPMENT_TEAM = UQGJF7PV8L;
				INFOPLIST_FILE = CoreData2019Project/Info.plist;
				LD_RUNPATH_SEARCH_PATHS = (
					"$(inherited)",
					"@executable_path/Frameworks",
				);
				PRODUCT_BUNDLE_IDENTIFIER = jorge.casariego.CoreData2019Project;
				PRODUCT_NAME = "$(TARGET_NAME)";
				SWIFT_VERSION = 5.0;
				TARGETED_DEVICE_FAMILY = "1,2";
			};
			name = Debug;
		};
		279142BF23159A93002A8565 /* Release */ = {
			isa = XCBuildConfiguration;
			buildSettings = {
				ASSETCATALOG_COMPILER_APPICON_NAME = AppIcon;
				CODE_SIGN_STYLE = Automatic;
				DEVELOPMENT_TEAM = UQGJF7PV8L;
				INFOPLIST_FILE = CoreData2019Project/Info.plist;
				LD_RUNPATH_SEARCH_PATHS = (
					"$(inherited)",
					"@executable_path/Frameworks",
				);
				PRODUCT_BUNDLE_IDENTIFIER = jorge.casariego.CoreData2019Project;
				PRODUCT_NAME = "$(TARGET_NAME)";
				SWIFT_VERSION = 5.0;
				TARGETED_DEVICE_FAMILY = "1,2";
			};
			name = Release;
		};
/* End XCBuildConfiguration section */

/* Begin XCConfigurationList section */
		279142A623159A92002A8565 /* Build configuration list for PBXProject "CoreData2019Project" */ = {
			isa = XCConfigurationList;
			buildConfigurations = (
				279142BB23159A93002A8565 /* Debug */,
				279142BC23159A93002A8565 /* Release */,
			);
			defaultConfigurationIsVisible = 0;
			defaultConfigurationName = Release;
		};
		279142BD23159A93002A8565 /* Build configuration list for PBXNativeTarget "CoreData2019Project" */ = {
			isa = XCConfigurationList;
			buildConfigurations = (
				279142BE23159A93002A8565 /* Debug */,
				279142BF23159A93002A8565 /* Release */,
			);
			defaultConfigurationIsVisible = 0;
			defaultConfigurationName = Release;
		};
/* End XCConfigurationList section */

/* Begin XCVersionGroup section */
		279142C823159B28002A8565 /* DataCoreTestModels.xcdatamodeld */ = {
			isa = XCVersionGroup;
			children = (
				270669832330822000FB0CEE /* DataCoreTestModels_v1.2.xcdatamodel */,
				27066982233080DE00FB0CEE /* DataCoreTestModels_v1.3.xcdatamodel */,
				27066981233080A700FB0CEE /* DataCoreTestModels_v1.1.xcdatamodel */,
				279142C923159B28002A8565 /* DataCoreTestModels.xcdatamodel */,
			);
			currentVersion = 270669832330822000FB0CEE /* DataCoreTestModels_v1.2.xcdatamodel */;
			path = DataCoreTestModels.xcdatamodeld;
			sourceTree = "<group>";
			versionGroupType = wrapper.xcdatamodel;
		};
/* End XCVersionGroup section */
	};
	rootObject = 279142A323159A92002A8565 /* Project object */;
}
